
Microsoft Visual Studio Solution File, Format Version 12.00
# Visual Studio Version 17
VisualStudioVersion = 17.10.35013.160
MinimumVisualStudioVersion = 10.0.40219.1
Project("{FAE04EC0-301F-11D3-BF4B-00C04F79EFBC}") = "Kiosk", "Kiosk.csproj", "{0BAA6CFE-7AA9-48B1-BAA2-0A4B532F17B4}"
EndProject
Global
	GlobalSection(SolutionConfigurationPlatforms) = preSolution
		Debug|Any CPU = Debug|Any CPU
		Release|Any CPU = Release|Any CPU
	EndGlobalSection
	GlobalSection(ProjectConfigurationPlatforms) = postSolution
		{0BAA6CFE-7AA9-48B1-BAA2-0A4B532F17B4}.Debug|Any CPU.ActiveCfg = Debug|Any CPU
		{0BAA6CFE-7AA9-48B1-BAA2-0A4B532F17B4}.Debug|Any CPU.Build.0 = Debug|Any CPU
		{0BAA6CFE-7AA9-48B1-BAA2-0A4B532F17B4}.Release|Any CPU.ActiveCfg = Release|Any CPU
		{0BAA6CFE-7AA9-48B1-BAA2-0A4B532F17B4}.Release|Any CPU.Build.0 = Release|Any CPU
	EndGlobalSection
	GlobalSection(SolutionProperties) = preSolution
		HideSolutionNode = FALSE
	EndGlobalSection
	GlobalSection(ExtensibilityGlobals) = postSolution
		SolutionGuid = {9F345452-4412-4C02-9979-D5881EED73B3}
	EndGlobalSection
EndGlobal
